PODS:
  - HLMFoundation (1.6.0):
    - HLMFoundation/Core (= 1.6.0)
    - HLMFoundation/Logger (= 1.6.0)
    - HLMFoundation/UI (= 1.6.0)
  - HLMFoundation/Core (1.6.0)
  - HLMFoundation/Logger (1.6.0):
    - HLMFoundation/Core
  - HLMFoundation/UI (1.6.0):
    - HLMFoundation/Core

DEPENDENCIES:
  - HLMFoundation

SPEC CHECKSUMS:
  HLMFoundation: e7612b49cfa26d2ad5fe3d5c57b829a4c3b2e972

PODFILE CHECKSUM: 455d88eb1ed2d81924a5796ecb9db7482460c4aa

COCOAPODS: 1.0.1
